
Microsoft Visual Studio Solution File, Format Version 12.00
# Visual Studio Version 17
VisualStudioVersion = 17.14.36109.1 d17.14
MinimumVisualStudioVersion = 10.0.40219.1
Project("{FAE04EC0-301F-11D3-BF4B-00C04F79EFBC}") = "BackEndDevApi", "BackEndDevApi\BackEndDevApi.csproj", "{0458C62C-2912-4532-9E8C-241D55E0586C}"
EndProject
Global
	GlobalSection(SolutionConfigurationPlatforms) = preSolution
		Debug|Any CPU = Debug|Any CPU
		Release|Any CPU = Release|Any CPU
	EndGlobalSection
	GlobalSection(ProjectConfigurationPlatforms) = postSolution
		{0458C62C-2912-4532-9E8C-241D55E0586C}.Debug|Any CPU.ActiveCfg = Debug|Any CPU
		{0458C62C-2912-4532-9E8C-241D55E0586C}.Debug|Any CPU.Build.0 = Debug|Any CPU
		{0458C62C-2912-4532-9E8C-241D55E0586C}.Release|Any CPU.ActiveCfg = Release|Any CPU
		{0458C62C-2912-4532-9E8C-241D55E0586C}.Release|Any CPU.Build.0 = Release|Any CPU
	EndGlobalSection
	GlobalSection(SolutionProperties) = preSolution
		HideSolutionNode = FALSE
	EndGlobalSection
	GlobalSection(ExtensibilityGlobals) = postSolution
		SolutionGuid = {C6164A98-F951-439C-908A-8E0DAB70E646}
	EndGlobalSection
EndGlobal
